# Generated by buf. DO NOT EDIT.
version: v1
deps:
  - remote: buf.build
    owner: bufbuild
    repository: protovalidate
    commit: f05a6f4403ce4327bae4f50f281c3ed0
    digest: shake256:668a0661b8df44d41839194896329330965fc215f3d2f88057fd60eeb759c2daf6cc6edfdd13b2a653d49fe2896ebedcb1a33c4c5b2dd10919f03ffb7fc52ae6
  - remote: buf.build
    owner: protocolbuffers
    repository: wellknowntypes
    commit: 11912caccc894a0e8bfa509e433b10c0
    digest: shake256:c14a5a03f8db59c57b701c95f6e524b42f3f3be251e60ccf4108d91c068a5c31b123ec402e62f8171734a663a8c8a940a1ec48c09448c88033112b45f5ae4c7f
